
Microsoft Visual Studio Solution File, Format Version 12.00
# Visual Studio Version 17
VisualStudioVersion = 17.0.31903.59
MinimumVisualStudioVersion = 10.0.40219.1
Project("{2150E333-8FDC-42A3-9474-1A3956D46DE8}") = "src", "src", "{827E0CD3-B72D-47B6-A68D-7590B98EB39B}"
EndProject
Project("{2150E333-8FDC-42A3-9474-1A3956D46DE8}") = "ControlPlane", "ControlPlane", "{446D8F33-C73B-BF73-CF50-6948B082F41B}"
EndProject
Project("{FAE04EC0-301F-11D3-BF4B-00C04F79EFBC}") = "VpnControlPlane.Domain", "src\ControlPlane\VpnControlPlane.Domain\VpnControlPlane.Domain.csproj", "{16650981-4771-4E17-82D1-01D46DBE4051}"
EndProject
Project("{FAE04EC0-301F-11D3-BF4B-00C04F79EFBC}") = "VpnControlPlane.Application", "src\ControlPlane\VpnControlPlane.Application\VpnControlPlane.Application.csproj", "{DBC06EF8-8DD0-4F09-9982-B05FF9A69E84}"
EndProject
Project("{FAE04EC0-301F-11D3-BF4B-00C04F79EFBC}") = "VpnControlPlane.Infrastructure", "src\ControlPlane\VpnControlPlane.Infrastructure\VpnControlPlane.Infrastructure.csproj", "{343270D9-926E-4276-84BD-6A8C6CE39598}"
EndProject
Project("{FAE04EC0-301F-11D3-BF4B-00C04F79EFBC}") = "VpnControlPlane.Api", "src\ControlPlane\VpnControlPlane.Api\VpnControlPlane.Api.csproj", "{D4BFE1B0-12F9-472A-BAF4-C4E431D66978}"
EndProject
Project("{FAE04EC0-301F-11D3-BF4B-00C04F79EFBC}") = "VpnControlPlane.Contracts", "src\Shared\VpnControlPlane.Contracts\VpnControlPlane.Contracts.csproj", "{878E953D-4024-4C4E-95C5-6695BF308299}"
EndProject
Project("{FAE04EC0-301F-11D3-BF4B-00C04F79EFBC}") = "VpnNodeAgent", "src\NodeAgent\VpnNodeAgent\VpnNodeAgent.csproj", "{F1D3AC87-9646-4C44-B6CD-08774D425140}"
EndProject
Project("{FAE04EC0-301F-11D3-BF4B-00C04F79EFBC}") = "VpnControlPlane.Application.Tests", "tests\VpnControlPlane.Application.Tests\VpnControlPlane.Application.Tests.csproj", "{0CF0B5FD-3F5A-47AA-886A-1ECBDC51897E}"
EndProject
Global
	GlobalSection(SolutionConfigurationPlatforms) = preSolution
		Debug|Any CPU = Debug|Any CPU
		Debug|x64 = Debug|x64
		Debug|x86 = Debug|x86
		Release|Any CPU = Release|Any CPU
		Release|x64 = Release|x64
		Release|x86 = Release|x86
	EndGlobalSection
	GlobalSection(ProjectConfigurationPlatforms) = postSolution
		{16650981-4771-4E17-82D1-01D46DBE4051}.Debug|Any CPU.ActiveCfg = Debug|Any CPU
		{16650981-4771-4E17-82D1-01D46DBE4051}.Debug|Any CPU.Build.0 = Debug|Any CPU
		{16650981-4771-4E17-82D1-01D46DBE4051}.Debug|x64.ActiveCfg = Debug|Any CPU
		{16650981-4771-4E17-82D1-01D46DBE4051}.Debug|x64.Build.0 = Debug|Any CPU
		{16650981-4771-4E17-82D1-01D46DBE4051}.Debug|x86.ActiveCfg = Debug|Any CPU
		{16650981-4771-4E17-82D1-01D46DBE4051}.Debug|x86.Build.0 = Debug|Any CPU
		{16650981-4771-4E17-82D1-01D46DBE4051}.Release|Any CPU.ActiveCfg = Release|Any CPU
		{16650981-4771-4E17-82D1-01D46DBE4051}.Release|Any CPU.Build.0 = Release|Any CPU
		{16650981-4771-4E17-82D1-01D46DBE4051}.Release|x64.ActiveCfg = Release|Any CPU
		{16650981-4771-4E17-82D1-01D46DBE4051}.Release|x64.Build.0 = Release|Any CPU
		{16650981-4771-4E17-82D1-01D46DBE4051}.Release|x86.ActiveCfg = Release|Any CPU
		{16650981-4771-4E17-82D1-01D46DBE4051}.Release|x86.Build.0 = Release|Any CPU
		{DBC06EF8-8DD0-4F09-9982-B05FF9A69E84}.Debug|Any CPU.ActiveCfg = Debug|Any CPU
		{DBC06EF8-8DD0-4F09-9982-B05FF9A69E84}.Debug|Any CPU.Build.0 = Debug|Any CPU
		{DBC06EF8-8DD0-4F09-9982-B05FF9A69E84}.Debug|x64.ActiveCfg = Debug|Any CPU
		{DBC06EF8-8DD0-4F09-9982-B05FF9A69E84}.Debug|x64.Build.0 = Debug|Any CPU
		{DBC06EF8-8DD0-4F09-9982-B05FF9A69E84}.Debug|x86.ActiveCfg = Debug|Any CPU
		{DBC06EF8-8DD0-4F09-9982-B05FF9A69E84}.Debug|x86.Build.0 = Debug|Any CPU
		{DBC06EF8-8DD0-4F09-9982-B05FF9A69E84}.Release|Any CPU.ActiveCfg = Release|Any CPU
		{DBC06EF8-8DD0-4F09-9982-B05FF9A69E84}.Release|Any CPU.Build.0 = Release|Any CPU
		{DBC06EF8-8DD0-4F09-9982-B05FF9A69E84}.Release|x64.ActiveCfg = Release|Any CPU
		{DBC06EF8-8DD0-4F09-9982-B05FF9A69E84}.Release|x64.Build.0 = Release|Any CPU
		{DBC06EF8-8DD0-4F09-9982-B05FF9A69E84}.Release|x86.ActiveCfg = Release|Any CPU
		{DBC06EF8-8DD0-4F09-9982-B05FF9A69E84}.Release|x86.Build.0 = Release|Any CPU
		{343270D9-926E-4276-84BD-6A8C6CE39598}.Debug|Any CPU.ActiveCfg = Debug|Any CPU
		{343270D9-926E-4276-84BD-6A8C6CE39598}.Debug|Any CPU.Build.0 = Debug|Any CPU
		{343270D9-926E-4276-84BD-6A8C6CE39598}.Debug|x64.ActiveCfg = Debug|Any CPU
		{343270D9-926E-4276-84BD-6A8C6CE39598}.Debug|x64.Build.0 = Debug|Any CPU
		{343270D9-926E-4276-84BD-6A8C6CE39598}.Debug|x86.ActiveCfg = Debug|Any CPU
		{343270D9-926E-4276-84BD-6A8C6CE39598}.Debug|x86.Build.0 = Debug|Any CPU
		{343270D9-926E-4276-84BD-6A8C6CE39598}.Release|Any CPU.ActiveCfg = Release|Any CPU
		{343270D9-926E-4276-84BD-6A8C6CE39598}.Release|Any CPU.Build.0 = Release|Any CPU
		{343270D9-926E-4276-84BD-6A8C6CE39598}.Release|x64.ActiveCfg = Release|Any CPU
		{343270D9-926E-4276-84BD-6A8C6CE39598}.Release|x64.Build.0 = Release|Any CPU
		{343270D9-926E-4276-84BD-6A8C6CE39598}.Release|x86.ActiveCfg = Release|Any CPU
		{343270D9-926E-4276-84BD-6A8C6CE39598}.Release|x86.Build.0 = Release|Any CPU
		{D4BFE1B0-12F9-472A-BAF4-C4E431D66978}.Debug|Any CPU.ActiveCfg = Debug|Any CPU
		{D4BFE1B0-12F9-472A-BAF4-C4E431D66978}.Debug|Any CPU.Build.0 = Debug|Any CPU
		{D4BFE1B0-12F9-472A-BAF4-C4E431D66978}.Debug|x64.ActiveCfg = Debug|Any CPU
		{D4BFE1B0-12F9-472A-BAF4-C4E431D66978}.Debug|x64.Build.0 = Debug|Any CPU
		{D4BFE1B0-12F9-472A-BAF4-C4E431D66978}.Debug|x86.ActiveCfg = Debug|Any CPU
		{D4BFE1B0-12F9-472A-BAF4-C4E431D66978}.Debug|x86.Build.0 = Debug|Any CPU
		{D4BFE1B0-12F9-472A-BAF4-C4E431D66978}.Release|Any CPU.ActiveCfg = Release|Any CPU
		{D4BFE1B0-12F9-472A-BAF4-C4E431D66978}.Release|Any CPU.Build.0 = Release|Any CPU
		{D4BFE1B0-12F9-472A-BAF4-C4E431D66978}.Release|x64.ActiveCfg = Release|Any CPU
		{D4BFE1B0-12F9-472A-BAF4-C4E431D66978}.Release|x64.Build.0 = Release|Any CPU
		{D4BFE1B0-12F9-472A-BAF4-C4E431D66978}.Release|x86.ActiveCfg = Release|Any CPU
		{D4BFE1B0-12F9-472A-BAF4-C4E431D66978}.Release|x86.Build.0 = Release|Any CPU
		{878E953D-4024-4C4E-95C5-6695BF308299}.Debug|Any CPU.ActiveCfg = Debug|Any CPU
		{878E953D-4024-4C4E-95C5-6695BF308299}.Debug|Any CPU.Build.0 = Debug|Any CPU
		{878E953D-4024-4C4E-95C5-6695BF308299}.Debug|x64.ActiveCfg = Debug|Any CPU
		{878E953D-4024-4C4E-95C5-6695BF308299}.Debug|x64.Build.0 = Debug|Any CPU
		{878E953D-4024-4C4E-95C5-6695BF308299}.Debug|x86.ActiveCfg = Debug|Any CPU
		{878E953D-4024-4C4E-95C5-6695BF308299}.Debug|x86.Build.0 = Debug|Any CPU
		{878E953D-4024-4C4E-95C5-6695BF308299}.Release|Any CPU.ActiveCfg = Release|Any CPU
		{878E953D-4024-4C4E-95C5-6695BF308299}.Release|Any CPU.Build.0 = Release|Any CPU
		{878E953D-4024-4C4E-95C5-6695BF308299}.Release|x64.ActiveCfg = Release|Any CPU
		{878E953D-4024-4C4E-95C5-6695BF308299}.Release|x64.Build.0 = Release|Any CPU
		{878E953D-4024-4C4E-95C5-6695BF308299}.Release|x86.ActiveCfg = Release|Any CPU
		{878E953D-4024-4C4E-95C5-6695BF308299}.Release|x86.Build.0 = Release|Any CPU
		{F1D3AC87-9646-4C44-B6CD-08774D425140}.Debug|Any CPU.ActiveCfg = Debug|Any CPU
		{F1D3AC87-9646-4C44-B6CD-08774D425140}.Debug|Any CPU.Build.0 = Debug|Any CPU
		{F1D3AC87-9646-4C44-B6CD-08774D425140}.Debug|x64.ActiveCfg = Debug|Any CPU
		{F1D3AC87-9646-4C44-B6CD-08774D425140}.Debug|x64.Build.0 = Debug|Any CPU
		{F1D3AC87-9646-4C44-B6CD-08774D425140}.Debug|x86.ActiveCfg = Debug|Any CPU
		{F1D3AC87-9646-4C44-B6CD-08774D425140}.Debug|x86.Build.0 = Debug|Any CPU
		{F1D3AC87-9646-4C44-B6CD-08774D425140}.Release|Any CPU.ActiveCfg = Release|Any CPU
		{F1D3AC87-9646-4C44-B6CD-08774D425140}.Release|Any CPU.Build.0 = Release|Any CPU
		{F1D3AC87-9646-4C44-B6CD-08774D425140}.Release|x64.ActiveCfg = Release|Any CPU
		{F1D3AC87-9646-4C44-B6CD-08774D425140}.Release|x64.Build.0 = Release|Any CPU
		{F1D3AC87-9646-4C44-B6CD-08774D425140}.Release|x86.ActiveCfg = Release|Any CPU
		{F1D3AC87-9646-4C44-B6CD-08774D425140}.Release|x86.Build.0 = Release|Any CPU
		{0CF0B5FD-3F5A-47AA-886A-1ECBDC51897E}.Debug|Any CPU.ActiveCfg = Debug|Any CPU
		{0CF0B5FD-3F5A-47AA-886A-1ECBDC51897E}.Debug|Any CPU.Build.0 = Debug|Any CPU
		{0CF0B5FD-3F5A-47AA-886A-1ECBDC51897E}.Debug|x64.ActiveCfg = Debug|Any CPU
		{0CF0B5FD-3F5A-47AA-886A-1ECBDC51897E}.Debug|x64.Build.0 = Debug|Any CPU
		{0CF0B5FD-3F5A-47AA-886A-1ECBDC51897E}.Debug|x86.ActiveCfg = Debug|Any CPU
		{0CF0B5FD-3F5A-47AA-886A-1ECBDC51897E}.Debug|x86.Build.0 = Debug|Any CPU
		{0CF0B5FD-3F5A-47AA-886A-1ECBDC51897E}.Release|Any CPU.ActiveCfg = Release|Any CPU
		{0CF0B5FD-3F5A-47AA-886A-1ECBDC51897E}.Release|Any CPU.Build.0 = Release|Any CPU
		{0CF0B5FD-3F5A-47AA-886A-1ECBDC51897E}.Release|x64.ActiveCfg = Release|Any CPU
		{0CF0B5FD-3F5A-47AA-886A-1ECBDC51897E}.Release|x64.Build.0 = Release|Any CPU
		{0CF0B5FD-3F5A-47AA-886A-1ECBDC51897E}.Release|x86.ActiveCfg = Release|Any CPU
		{0CF0B5FD-3F5A-47AA-886A-1ECBDC51897E}.Release|x86.Build.0 = Release|Any CPU
	EndGlobalSection
	GlobalSection(SolutionProperties) = preSolution
		HideSolutionNode = FALSE
	EndGlobalSection
	GlobalSection(NestedProjects) = preSolution
		{446D8F33-C73B-BF73-CF50-6948B082F41B} = {827E0CD3-B72D-47B6-A68D-7590B98EB39B}
		{16650981-4771-4E17-82D1-01D46DBE4051} = {446D8F33-C73B-BF73-CF50-6948B082F41B}
		{DBC06EF8-8DD0-4F09-9982-B05FF9A69E84} = {446D8F33-C73B-BF73-CF50-6948B082F41B}
		{343270D9-926E-4276-84BD-6A8C6CE39598} = {446D8F33-C73B-BF73-CF50-6948B082F41B}
		{D4BFE1B0-12F9-472A-BAF4-C4E431D66978} = {446D8F33-C73B-BF73-CF50-6948B082F41B}
		{878E953D-4024-4C4E-95C5-6695BF308299} = {446D8F33-C73B-BF73-CF50-6948B082F41B}
		{F1D3AC87-9646-4C44-B6CD-08774D425140} = {446D8F33-C73B-BF73-CF50-6948B082F41B}
		{0CF0B5FD-3F5A-47AA-886A-1ECBDC51897E} = {446D8F33-C73B-BF73-CF50-6948B082F41B}
	EndGlobalSection
EndGlobal
